// !$*UTF8*$!
{
	archiveVersion = 1;
	classes = {
	};
	objectVersion = 50;
	objects = {

/* Begin PBXBuildFile section */
		024E8B5222AE9D3B00B6A34D /* AppDelegate.swift in Sources */ = {isa = PBXBuildFile; fileRef = 024E8B5122AE9D3B00B6A34D /* AppDelegate.swift */; };
		024E8B5722AE9D3B00B6A34D /* Main.storyboard in Resources */ = {isa = PBXBuildFile; fileRef = 024E8B5522AE9D3B00B6A34D /* Main.storyboard */; };
		024E8B5A22AE9D3B00B6A34D /* Sketchpad.xcdatamodeld in Sources */ = {isa = PBXBuildFile; fileRef = 024E8B5822AE9D3B00B6A34D /* Sketchpad.xcdatamodeld */; };
		024E8B5C22AE9D3D00B6A34D /* Assets.xcassets in Resources */ = {isa = PBXBuildFile; fileRef = 024E8B5B22AE9D3D00B6A34D /* Assets.xcassets */; };
		024E8B5F22AE9D3D00B6A34D /* LaunchScreen.storyboard in Resources */ = {isa = PBXBuildFile; fileRef = 024E8B5D22AE9D3D00B6A34D /* LaunchScreen.storyboard */; };
/* End PBXBuildFile section */

/* Begin PBXFileReference section */
		024E8B4E22AE9D3B00B6A34D /* Sketchpad.app */ = {isa = PBXFileReference; explicitFileType = wrapper.application; includeInIndex = 0; path = Sketchpad.app; sourceTree = BUILT_PRODUCTS_DIR; };
		024E8B5122AE9D3B00B6A34D /* AppDelegate.swift */ = {isa = PBXFileReference; lastKnownFileType = sourcecode.swift; path = AppDelegate.swift; sourceTree = "<group>"; };
		024E8B5622AE9D3B00B6A34D /* Base */ = {isa = PBXFileReference; lastKnownFileType = file.storyboard; name = Base; path = Base.lproj/Main.storyboard; sourceTree = "<group>"; };
		024E8B5922AE9D3B00B6A34D /* Sketchpad.xcdatamodel */ = {isa = PBXFileReference; lastKnownFileType = wrapper.xcdatamodel; path = Sketchpad.xcdatamodel; sourceTree = "<group>"; };
		024E8B5B22AE9D3D00B6A34D /* Assets.xcassets */ = {isa = PBXFileReference; lastKnownFileType = folder.assetcatalog; path = Assets.xcassets; sourceTree = "<group>"; };
		024E8B5E22AE9D3D00B6A34D /* Base */ = {isa = PBXFileReference; lastKnownFileType = file.storyboard; name = Base; path = Base.lproj/LaunchScreen.storyboard; sourceTree = "<group>"; };
		024E8B6022AE9D3D00B6A34D /* Info.plist */ = {isa = PBXFileReference; lastKnownFileType = text.plist.xml; path = Info.plist; sourceTree = "<group>"; };
/* End PBXFileReference section */

/* Begin PBXFrameworksBuildPhase section */
		024E8B4B22AE9D3B00B6A34D /* Frameworks */ = {
			isa = PBXFrameworksBuildPhase;
			buildActionMask = 2147483647;
			files = (
			);
			runOnlyForDeploymentPostprocessing = 0;
		};
/* End PBXFrameworksBuildPhase section */

/* Begin PBXGroup section */
		024E8B4522AE9D3B00B6A34D = {
			isa = PBXGroup;
			children = (
				024E8B5022AE9D3B00B6A34D /* Sketchpad */,
				024E8B4F22AE9D3B00B6A34D /* Products */,
			);
			sourceTree = "<group>";
		};
		024E8B4F22AE9D3B00B6A34D /* Products */ = {
			isa = PBXGroup;
			children = (
				024E8B4E22AE9D3B00B6A34D /* Sketchpad.app */,
			);
			name = Products;
			sourceTree = "<group>";
		};
		024E8B5022AE9D3B00B6A34D /* Sketchpad */ = {
			isa = PBXGroup;
			children = (
				024E8B5122AE9D3B00B6A34D /* AppDelegate.swift */,
				024E8B5522AE9D3B00B6A34D /* Main.storyboard */,
				024E8B5B22AE9D3D00B6A34D /* Assets.xcassets */,
				024E8B5D22AE9D3D00B6A34D /* LaunchScreen.storyboard */,
				024E8B6022AE9D3D00B6A34D /* Info.plist */,
				024E8B5822AE9D3B00B6A34D /* Sketchpad.xcdatamodeld */,
			);
			path = Sketchpad;
			sourceTree = "<group>";
		};
/* End PBXGroup section */

/* Begin PBXNativeTarget section */
		024E8B4D22AE9D3B00B6A34D /* Sketchpad */ = {
			isa = PBXNativeTarget;
			buildConfigurationList = 024E8B6322AE9D3D00B6A34D /* Build configuration list for PBXNativeTarget "Sketchpad" */;
			buildPhases = (
				024E8B4A22AE9D3B00B6A34D /* Sources */,
				024E8B4B22AE9D3B00B6A34D /* Frameworks */,
				024E8B4C22AE9D3B00B6A34D /* Resources */,
			);
			buildRules = (
			);
			dependencies = (
			);
			name = Sketchpad;
			productName = Sketchpad;
			productReference = 024E8B4E22AE9D3B00B6A34D /* Sketchpad.app */;
			productType = "com.apple.product-type.application";
		};
/* End PBXNativeTarget section */

/* Begin PBXProject section */
		024E8B4622AE9D3B00B6A34D /* Project object */ = {
			isa = PBXProject;
			attributes = {
				LastSwiftUpdateCheck = 1020;
				LastUpgradeCheck = 1020;
				ORGANIZATIONNAME = "Phizer Cost";
				TargetAttributes = {
					024E8B4D22AE9D3B00B6A34D = {
						CreatedOnToolsVersion = 10.2.1;
					};
				};
			};
			buildConfigurationList = 024E8B4922AE9D3B00B6A34D /* Build configuration list for PBXProject "Sketchpad" */;
			compatibilityVersion = "Xcode 9.3";
			developmentRegion = en;
			hasScannedForEncodings = 0;
			knownRegions = (
				en,
				Base,
			);
			mainGroup = 024E8B4522AE9D3B00B6A34D;
			productRefGroup = 024E8B4F22AE9D3B00B6A34D /* Products */;
			projectDirPath = "";
			projectRoot = "";
			targets = (
				024E8B4D22AE9D3B00B6A34D /* Sketchpad */,
			);
		};
/* End PBXProject section */

/* Begin PBXResourcesBuildPhase section */
		024E8B4C22AE9D3B00B6A34D /* Resources */ = {
			isa = PBXResourcesBuildPhase;
			buildActionMask = 2147483647;
			files = (
				024E8B5F22AE9D3D00B6A34D /* LaunchScreen.storyboard in Resources */,
				024E8B5C22AE9D3D00B6A34D /* Assets.xcassets in Resources */,
				024E8B5722AE9D3B00B6A34D /* Main.storyboard in Resources */,
			);
			runOnlyForDeploymentPostprocessing = 0;
		};
/* End PBXResourcesBuildPhase section */

/* Begin PBXSourcesBuildPhase section */
		024E8B4A22AE9D3B00B6A34D /* Sources */ = {
			isa = PBXSourcesBuildPhase;
			buildActionMask = 2147483647;
			files = (
				024E8B5A22AE9D3B00B6A34D /* Sketchpad.xcdatamodeld in Sources */,
				024E8B5222AE9D3B00B6A34D /* AppDelegate.swift in Sources */,
			);
			runOnlyForDeploymentPostprocessing = 0;
		};
/* End PBXSourcesBuildPhase section */

/* Begin PBXVariantGroup section */
		024E8B5522AE9D3B00B6A34D /* Main.storyboard */ = {
			isa = PBXVariantGroup;
			children = (
				024E8B5622AE9D3B00B6A34D /* Base */,
			);
			name = Main.storyboard;
			sourceTree = "<group>";
		};
		024E8B5D22AE9D3D00B6A34D /* LaunchScreen.storyboard */ = {
			isa = PBXVariantGroup;
			children = (
				024E8B5E22AE9D3D00B6A34D /* Base */,
			);
			name = LaunchScreen.storyboard;
			sourceTree = "<group>";
		};
/* End PBXVariantGroup section */

/* Begin XCBuildConfiguration section */
		024E8B6122AE9D3D00B6A34D /* Debug */ = {
			isa = XCBuildConfiguration;
			buildSettings = {
				ALWAYS_SEARCH_USER_PATHS = NO;
				CLANG_ANALYZER_NONNULL = YES;
				CLANG_ANALYZER_NUMBER_OBJECT_CONVERSION = YES_AGGRESSIVE;
				CLANG_CXX_LANGUAGE_STANDARD = "gnu++14";
				CLANG_CXX_LIBRARY = "libc++";
				CLANG_ENABLE_MODULES = YES;
				CLANG_ENABLE_OBJC_ARC = YES;
				CLANG_ENABLE_OBJC_WEAK = YES;
				CLANG_WARN_BLOCK_CAPTURE_AUTORELEASING = YES;
				CLANG_WARN_BOOL_CONVERSION = YES;
				CLANG_WARN_COMMA = YES;
				CLANG_WARN_CONSTANT_CONVERSION = YES;
				CLANG_WARN_DEPRECATED_OBJC_IMPLEMENTATIONS = YES;
				CLANG_WARN_DIRECT_OBJC_ISA_USAGE = YES_ERROR;
				CLANG_WARN_DOCUMENTATION_COMMENTS = YES;
				CLANG_WARN_EMPTY_BODY = YES;
				CLANG_WARN_ENUM_CONVERSION = YES;
				CLANG_WARN_INFINITE_RECURSION = YES;
				CLANG_WARN_INT_CONVERSION = YES;
				CLANG_WARN_NON_LITERAL_NULL_CONVERSION = YES;
				CLANG_WARN_OBJC_IMPLICIT_RETAIN_SELF = YES;
				CLANG_WARN_OBJC_LITERAL_CONVERSION = YES;
				CLANG_WARN_OBJC_ROOT_CLASS = YES_ERROR;
				CLANG_WARN_RANGE_LOOP_ANALYSIS = YES;
				CLANG_WARN_STRICT_PROTOTYPES = YES;
				CLANG_WARN_SUSPICIOUS_MOVE = YES;
				CLANG_WARN_UNGUARDED_AVAILABILITY = YES_AGGRESSIVE;
				CLANG_WARN_UNREACHABLE_CODE = YES;
				CLANG_WARN__DUPLICATE_METHOD_MATCH = YES;
				CODE_SIGN_IDENTITY = "iPhone Developer";
				COPY_PHASE_STRIP = NO;
				DEBUG_INFORMATION_FORMAT = dwarf;
				ENABLE_STRICT_OBJC_MSGSEND = YES;
				ENABLE_TESTABILITY = YES;
				GCC_C_LANGUAGE_STANDARD = gnu11;
				GCC_DYNAMIC_NO_PIC = NO;
				GCC_NO_COMMON_BLOCKS = YES;
				GCC_OPTIMIZATION_LEVEL = 0;
				GCC_PREPROCESSOR_DEFINITIONS = (
					"DEBUG=1",
					"$(inherited)",
				);
				GCC_WARN_64_TO_32_BIT_CONVERSION = YES;
				GCC_WARN_ABOUT_RETURN_TYPE = YES_ERROR;
				GCC_WARN_UNDECLARED_SELECTOR = YES;
				GCC_WARN_UNINITIALIZED_AUTOS = YES_AGGRESSIVE;
				GCC_WARN_UNUSED_FUNCTION = YES;
				GCC_WARN_UNUSED_VARIABLE = YES;
				IPHONEOS_DEPLOYMENT_TARGET = 12.2;
				MTL_ENABLE_DEBUG_INFO = INCLUDE_SOURCE;
				MTL_FAST_MATH = YES;
				ONLY_ACTIVE_ARCH = YES;
				SDKROOT = iphoneos;
				SWIFT_ACTIVE_COMPILATION_CONDITIONS = DEBUG;
				SWIFT_OPTIMIZATION_LEVEL = "-Onone";
			};
			name = Debug;
		};
		024E8B6222AE9D3D00B6A34D /* Release */ = {
			isa = XCBuildConfiguration;
			buildSettings = {
				ALWAYS_SEARCH_USER_PATHS = NO;
				CLANG_ANALYZER_NONNULL = YES;
				CLANG_ANALYZER_NUMBER_OBJECT_CONVERSION = YES_AGGRESSIVE;
				CLANG_CXX_LANGUAGE_STANDARD = "gnu++14";
				CLANG_CXX_LIBRARY = "libc++";
				CLANG_ENABLE_MODULES = YES;
				CLANG_ENABLE_OBJC_ARC = YES;
				CLANG_ENABLE_OBJC_WEAK = YES;
				CLANG_WARN_BLOCK_CAPTURE_AUTORELEASING = YES;
				CLANG_WARN_BOOL_CONVERSION = YES;
				CLANG_WARN_COMMA = YES;
				CLANG_WARN_CONSTANT_CONVERSION = YES;
				CLANG_WARN_DEPRECATED_OBJC_IMPLEMENTATIONS = YES;
				CLANG_WARN_DIRECT_OBJC_ISA_USAGE = YES_ERROR;
				CLANG_WARN_DOCUMENTATION_COMMENTS = YES;
				CLANG_WARN_EMPTY_BODY = YES;
				CLANG_WARN_ENUM_CONVERSION = YES;
				CLANG_WARN_INFINITE_RECURSION = YES;
				CLANG_WARN_INT_CONVERSION = YES;
				CLANG_WARN_NON_LITERAL_NULL_CONVERSION = YES;
				CLANG_WARN_OBJC_IMPLICIT_RETAIN_SELF = YES;
				CLANG_WARN_OBJC_LITERAL_CONVERSION = YES;
				CLANG_WARN_OBJC_ROOT_CLASS = YES_ERROR;
				CLANG_WARN_RANGE_LOOP_ANALYSIS = YES;
				CLANG_WARN_STRICT_PROTOTYPES = YES;
				CLANG_WARN_SUSPICIOUS_MOVE = YES;
				CLANG_WARN_UNGUARDED_AVAILABILITY = YES_AGGRESSIVE;
				CLANG_WARN_UNREACHABLE_CODE = YES;
				CLANG_WARN__DUPLICATE_METHOD_MATCH = YES;
				CODE_SIGN_IDENTITY = "iPhone Developer";
				COPY_PHASE_STRIP = NO;
				DEBUG_INFORMATION_FORMAT = "dwarf-with-dsym";
				ENABLE_NS_ASSERTIONS = NO;
				ENABLE_STRICT_OBJC_MSGSEND = YES;
				GCC_C_LANGUAGE_STANDARD = gnu11;
				GCC_NO_COMMON_BLOCKS = YES;
				GCC_WARN_64_TO_32_BIT_CONVERSION = YES;
				GCC_WARN_ABOUT_RETURN_TYPE = YES_ERROR;
				GCC_WARN_UNDECLARED_SELECTOR = YES;
				GCC_WARN_UNINITIALIZED_AUTOS = YES_AGGRESSIVE;
				GCC_WARN_UNUSED_FUNCTION = YES;
				GCC_WARN_UNUSED_VARIABLE = YES;
				IPHONEOS_DEPLOYMENT_TARGET = 12.2;
				MTL_ENABLE_DEBUG_INFO = NO;
				MTL_FAST_MATH = YES;
				SDKROOT = iphoneos;
				SWIFT_COMPILATION_MODE = wholemodule;
				SWIFT_OPTIMIZATION_LEVEL = "-O";
				VALIDATE_PRODUCT = YES;
			};
			name = Release;
		};
		024E8B6422AE9D3D00B6A34D /* Debug */ = {
			isa = XCBuildConfiguration;
			buildSettings = {
				ASSETCATALOG_COMPILER_APPICON_NAME = AppIcon;
				CODE_SIGN_STYLE = Automatic;
				DEVELOPMENT_TEAM = 9Z33W2Z33C;
				INFOPLIST_FILE = Sketchpad/Info.plist;
				LD_RUNPATH_SEARCH_PATHS = (
					"$(inherited)",
					"@executable_path/Frameworks",
				);
				PRODUCT_BUNDLE_IDENTIFIER = com.phizercost.Sketchpad;
				PRODUCT_NAME = "$(TARGET_NAME)";
				SWIFT_VERSION = 5.0;
				TARGETED_DEVICE_FAMILY = "1,2";
			};
			name = Debug;
		};
		024E8B6522AE9D3D00B6A34D /* Release */ = {
			isa = XCBuildConfiguration;
			buildSettings = {
				ASSETCATALOG_COMPILER_APPICON_NAME = AppIcon;
				CODE_SIGN_STYLE = Automatic;
				DEVELOPMENT_TEAM = 9Z33W2Z33C;
				INFOPLIST_FILE = Sketchpad/Info.plist;
				LD_RUNPATH_SEARCH_PATHS = (
					"$(inherited)",
					"@executable_path/Frameworks",
				);
				PRODUCT_BUNDLE_IDENTIFIER = com.phizercost.Sketchpad;
				PRODUCT_NAME = "$(TARGET_NAME)";
				SWIFT_VERSION = 5.0;
				TARGETED_DEVICE_FAMILY = "1,2";
			};
			name = Release;
		};
/* End XCBuildConfiguration section */

/* Begin XCConfigurationList section */
		024E8B4922AE9D3B00B6A34D /* Build configuration list for PBXProject "Sketchpad" */ = {
			isa = XCConfigurationList;
			buildConfigurations = (
				024E8B6122AE9D3D00B6A34D /* Debug */,
				024E8B6222AE9D3D00B6A34D /* Release */,
			);
			defaultConfigurationIsVisible = 0;
			defaultConfigurationName = Release;
		};
		024E8B6322AE9D3D00B6A34D /* Build configuration list for PBXNativeTarget "Sketchpad" */ = {
			isa = XCConfigurationList;
			buildConfigurations = (
				024E8B6422AE9D3D00B6A34D /* Debug */,
				024E8B6522AE9D3D00B6A34D /* Release */,
			);
			defaultConfigurationIsVisible = 0;
			defaultConfigurationName = Release;
		};
/* End XCConfigurationList section */

/* Begin XCVersionGroup section */
		024E8B5822AE9D3B00B6A34D /* Sketchpad.xcdatamodeld */ = {
			isa = XCVersionGroup;
			children = (
				024E8B5922AE9D3B00B6A34D /* Sketchpad.xcdatamodel */,
			);
			currentVersion = 024E8B5922AE9D3B00B6A34D /* Sketchpad.xcdatamodel */;
			path = Sketchpad.xcdatamodeld;
			sourceTree = "<group>";
			versionGroupType = wrapper.xcdatamodel;
		};
/* End XCVersionGroup section */
	};
	rootObject = 024E8B4622AE9D3B00B6A34D /* Project object */;
}
